Microsoft Visual Studio Solution File, Format Version 12.00
# Visual Studio 2013
Project("{8BC9CEB8-8B4A-11D0-8D11-00A0C91BC942}") = "ALL_BUILD", "ALL_BUILD.vcxproj", "{7ECF07D3-1543-46F1-94F1-D60FD6B49FB4}"
	ProjectSection(ProjectDependencies) = postProject
		{17B0F4CE-EA0C-434B-BE8A-7147B46F6B2D} = {17B0F4CE-EA0C-434B-BE8A-7147B46F6B2D}
		{F2D05F65-E926-45EB-BBF5-22E61387CB08} = {F2D05F65-E926-45EB-BBF5-22E61387CB08}
		{28E2536E-9748-4835-B028-22740532E6F0} = {28E2536E-9748-4835-B028-22740532E6F0}
		{464F9F5A-1984-418B-8D74-2FC68E7A6DFE} = {464F9F5A-1984-418B-8D74-2FC68E7A6DFE}
		{7BD52F7C-29CF-418A-B461-BBCE5ED59DD0} = {7BD52F7C-29CF-418A-B461-BBCE5ED59DD0}
		{9E75D4D5-29FA-49EB-8FEB-64ACA60A76CB} = {9E75D4D5-29FA-49EB-8FEB-64ACA60A76CB}
		{187F55ED-0481-4C47-8BC0-F8C7C696AD35} = {187F55ED-0481-4C47-8BC0-F8C7C696AD35}
		{D8102259-D028-46CD-B8B1-A57A5C9212AF} = {D8102259-D028-46CD-B8B1-A57A5C9212AF}
		{8B163553-4518-4DB8-ACF1-689E5D2D68D0} = {8B163553-4518-4DB8-ACF1-689E5D2D68D0}
		{083D839A-65AB-4C05-86E3-E39AB397AB17} = {083D839A-65AB-4C05-86E3-E39AB397AB17}
	EndProjectSection
EndProject
Project("{8BC9CEB8-8B4A-11D0-8D11-00A0C91BC942}") = "INSTALL", "INSTALL.vcxproj", "{E82AB495-75E0-4C3A-9FCF-990DA4FC7CD3}"
	ProjectSection(ProjectDependencies) = postProject
		{7ECF07D3-1543-46F1-94F1-D60FD6B49FB4} = {7ECF07D3-1543-46F1-94F1-D60FD6B49FB4}
	EndProjectSection
EndProject
Project("{8BC9CEB8-8B4A-11D0-8D11-00A0C91BC942}") = "PACKAGE", "PACKAGE.vcxproj", "{DB0514D1-08DC-42CA-A8C7-22E4FBD74A5F}"
	ProjectSection(ProjectDependencies) = postProject
		{7ECF07D3-1543-46F1-94F1-D60FD6B49FB4} = {7ECF07D3-1543-46F1-94F1-D60FD6B49FB4}
	EndProjectSection
EndProject
Project("{8BC9CEB8-8B4A-11D0-8D11-00A0C91BC942}") = "ZERO_CHECK", "ZERO_CHECK.vcxproj", "{17B0F4CE-EA0C-434B-BE8A-7147B46F6B2D}"
	ProjectSection(ProjectDependencies) = postProject
	EndProjectSection
EndProject
Project("{8BC9CEB8-8B4A-11D0-8D11-00A0C91BC942}") = "dataset_brief100K.h5", "test\dataset_brief100K.h5.vcxproj", "{CA103389-3CD8-4AD7-87DF-263C868E6030}"
	ProjectSection(ProjectDependencies) = postProject
		{17B0F4CE-EA0C-434B-BE8A-7147B46F6B2D} = {17B0F4CE-EA0C-434B-BE8A-7147B46F6B2D}
	EndProjectSection
EndProject
Project("{8BC9CEB8-8B4A-11D0-8D11-00A0C91BC942}") = "dataset_cloud.h5", "test\dataset_cloud.h5.vcxproj", "{0DF0D198-EA58-4718-B53E-3316ECDB6696}"
	ProjectSection(ProjectDependencies) = postProject
		{17B0F4CE-EA0C-434B-BE8A-7147B46F6B2D} = {17B0F4CE-EA0C-434B-BE8A-7147B46F6B2D}
	EndProjectSection
EndProject
Project("{8BC9CEB8-8B4A-11D0-8D11-00A0C91BC942}") = "dataset_sift100K.h5", "test\dataset_sift100K.h5.vcxproj", "{6456B2BB-D68F-44D8-8598-FFA4AF2D7D0E}"
	ProjectSection(ProjectDependencies) = postProject
		{17B0F4CE-EA0C-434B-BE8A-7147B46F6B2D} = {17B0F4CE-EA0C-434B-BE8A-7147B46F6B2D}
	EndProjectSection
EndProject
Project("{8BC9CEB8-8B4A-11D0-8D11-00A0C91BC942}") = "dataset_sift100K_byte.h5", "test\dataset_sift100K_byte.h5.vcxproj", "{3BFD3D00-7E4E-49B3-97FA-45E20CB479FD}"
	ProjectSection(ProjectDependencies) = postProject
		{17B0F4CE-EA0C-434B-BE8A-7147B46F6B2D} = {17B0F4CE-EA0C-434B-BE8A-7147B46F6B2D}
	EndProjectSection
EndProject
Project("{8BC9CEB8-8B4A-11D0-8D11-00A0C91BC942}") = "dataset_sift10K.h5", "test\dataset_sift10K.h5.vcxproj", "{FF338BA1-BC54-4654-A8EF-8E8F16B9D818}"
	ProjectSection(ProjectDependencies) = postProject
		{17B0F4CE-EA0C-434B-BE8A-7147B46F6B2D} = {17B0F4CE-EA0C-434B-BE8A-7147B46F6B2D}
	EndProjectSection
EndProject
Project("{8BC9CEB8-8B4A-11D0-8D11-00A0C91BC942}") = "dataset_sift10K_byte.h5", "test\dataset_sift10K_byte.h5.vcxproj", "{E22D0F16-FA9D-4BB8-9384-DCEA584047A3}"
	ProjectSection(ProjectDependencies) = postProject
		{17B0F4CE-EA0C-434B-BE8A-7147B46F6B2D} = {17B0F4CE-EA0C-434B-BE8A-7147B46F6B2D}
	EndProjectSection
EndProject
Project("{8BC9CEB8-8B4A-11D0-8D11-00A0C91BC942}") = "examples", "examples\examples.vcxproj", "{F2D05F65-E926-45EB-BBF5-22E61387CB08}"
	ProjectSection(ProjectDependencies) = postProject
		{17B0F4CE-EA0C-434B-BE8A-7147B46F6B2D} = {17B0F4CE-EA0C-434B-BE8A-7147B46F6B2D}
		{D8102259-D028-46CD-B8B1-A57A5C9212AF} = {D8102259-D028-46CD-B8B1-A57A5C9212AF}
		{8B163553-4518-4DB8-ACF1-689E5D2D68D0} = {8B163553-4518-4DB8-ACF1-689E5D2D68D0}
	EndProjectSection
EndProject
Project("{8BC9CEB8-8B4A-11D0-8D11-00A0C91BC942}") = "flann", "src\cpp\flann.vcxproj", "{28E2536E-9748-4835-B028-22740532E6F0}"
	ProjectSection(ProjectDependencies) = postProject
		{17B0F4CE-EA0C-434B-BE8A-7147B46F6B2D} = {17B0F4CE-EA0C-434B-BE8A-7147B46F6B2D}
	EndProjectSection
EndProject
Project("{8BC9CEB8-8B4A-11D0-8D11-00A0C91BC942}") = "flann_cpp", "src\cpp\flann_cpp.vcxproj", "{464F9F5A-1984-418B-8D74-2FC68E7A6DFE}"
	ProjectSection(ProjectDependencies) = postProject
		{17B0F4CE-EA0C-434B-BE8A-7147B46F6B2D} = {17B0F4CE-EA0C-434B-BE8A-7147B46F6B2D}
	EndProjectSection
EndProject
Project("{8BC9CEB8-8B4A-11D0-8D11-00A0C91BC942}") = "flann_cpp_s", "src\cpp\flann_cpp_s.vcxproj", "{7BD52F7C-29CF-418A-B461-BBCE5ED59DD0}"
	ProjectSection(ProjectDependencies) = postProject
		{17B0F4CE-EA0C-434B-BE8A-7147B46F6B2D} = {17B0F4CE-EA0C-434B-BE8A-7147B46F6B2D}
	EndProjectSection
EndProject
Project("{8BC9CEB8-8B4A-11D0-8D11-00A0C91BC942}") = "flann_cuda", "src\cpp\flann_cuda.vcxproj", "{9E75D4D5-29FA-49EB-8FEB-64ACA60A76CB}"
	ProjectSection(ProjectDependencies) = postProject
		{17B0F4CE-EA0C-434B-BE8A-7147B46F6B2D} = {17B0F4CE-EA0C-434B-BE8A-7147B46F6B2D}
	EndProjectSection
EndProject
Project("{8BC9CEB8-8B4A-11D0-8D11-00A0C91BC942}") = "flann_cuda_s", "src\cpp\flann_cuda_s.vcxproj", "{187F55ED-0481-4C47-8BC0-F8C7C696AD35}"
	ProjectSection(ProjectDependencies) = postProject
		{17B0F4CE-EA0C-434B-BE8A-7147B46F6B2D} = {17B0F4CE-EA0C-434B-BE8A-7147B46F6B2D}
	EndProjectSection
EndProject
Project("{8BC9CEB8-8B4A-11D0-8D11-00A0C91BC942}") = "flann_example_c", "examples\flann_example_c.vcxproj", "{D8102259-D028-46CD-B8B1-A57A5C9212AF}"
	ProjectSection(ProjectDependencies) = postProject
		{17B0F4CE-EA0C-434B-BE8A-7147B46F6B2D} = {17B0F4CE-EA0C-434B-BE8A-7147B46F6B2D}
		{28E2536E-9748-4835-B028-22740532E6F0} = {28E2536E-9748-4835-B028-22740532E6F0}
	EndProjectSection
EndProject
Project("{8BC9CEB8-8B4A-11D0-8D11-00A0C91BC942}") = "flann_example_cpp", "examples\flann_example_cpp.vcxproj", "{8B163553-4518-4DB8-ACF1-689E5D2D68D0}"
	ProjectSection(ProjectDependencies) = postProject
		{17B0F4CE-EA0C-434B-BE8A-7147B46F6B2D} = {17B0F4CE-EA0C-434B-BE8A-7147B46F6B2D}
	EndProjectSection
EndProject
Project("{8BC9CEB8-8B4A-11D0-8D11-00A0C91BC942}") = "flann_gtest", "test\flann_gtest.vcxproj", "{9736E358-BA26-4D80-930A-D89B5638166F}"
	ProjectSection(ProjectDependencies) = postProject
		{17B0F4CE-EA0C-434B-BE8A-7147B46F6B2D} = {17B0F4CE-EA0C-434B-BE8A-7147B46F6B2D}
	EndProjectSection
EndProject
Project("{8BC9CEB8-8B4A-11D0-8D11-00A0C91BC942}") = "flann_gtests", "test\flann_gtests.vcxproj", "{87A1BD48-07FB-4848-B7B6-0F99AB2BFBA8}"
	ProjectSection(ProjectDependencies) = postProject
		{17B0F4CE-EA0C-434B-BE8A-7147B46F6B2D} = {17B0F4CE-EA0C-434B-BE8A-7147B46F6B2D}
	EndProjectSection
EndProject
Project("{8BC9CEB8-8B4A-11D0-8D11-00A0C91BC942}") = "flann_s", "src\cpp\flann_s.vcxproj", "{083D839A-65AB-4C05-86E3-E39AB397AB17}"
	ProjectSection(ProjectDependencies) = postProject
		{17B0F4CE-EA0C-434B-BE8A-7147B46F6B2D} = {17B0F4CE-EA0C-434B-BE8A-7147B46F6B2D}
	EndProjectSection
EndProject
Project("{8BC9CEB8-8B4A-11D0-8D11-00A0C91BC942}") = "pyunit_test_clustering.py", "test\pyunit_test_clustering.py.vcxproj", "{E593294B-25BA-4870-B114-EB10D2F355A8}"
	ProjectSection(ProjectDependencies) = postProject
		{17B0F4CE-EA0C-434B-BE8A-7147B46F6B2D} = {17B0F4CE-EA0C-434B-BE8A-7147B46F6B2D}
		{28E2536E-9748-4835-B028-22740532E6F0} = {28E2536E-9748-4835-B028-22740532E6F0}
	EndProjectSection
EndProject
Project("{8BC9CEB8-8B4A-11D0-8D11-00A0C91BC942}") = "pyunit_test_index_save.py", "test\pyunit_test_index_save.py.vcxproj", "{D772B56F-9CEC-4BA4-8E2D-E2F594837079}"
	ProjectSection(ProjectDependencies) = postProject
		{17B0F4CE-EA0C-434B-BE8A-7147B46F6B2D} = {17B0F4CE-EA0C-434B-BE8A-7147B46F6B2D}
		{28E2536E-9748-4835-B028-22740532E6F0} = {28E2536E-9748-4835-B028-22740532E6F0}
	EndProjectSection
EndProject
Project("{8BC9CEB8-8B4A-11D0-8D11-00A0C91BC942}") = "pyunit_test_nn.py", "test\pyunit_test_nn.py.vcxproj", "{2A3DCC48-C05C-48F6-9D93-2BFBA97E6F22}"
	ProjectSection(ProjectDependencies) = postProject
		{17B0F4CE-EA0C-434B-BE8A-7147B46F6B2D} = {17B0F4CE-EA0C-434B-BE8A-7147B46F6B2D}
		{28E2536E-9748-4835-B028-22740532E6F0} = {28E2536E-9748-4835-B028-22740532E6F0}
	EndProjectSection
EndProject
Project("{8BC9CEB8-8B4A-11D0-8D11-00A0C91BC942}") = "pyunit_test_nn_autotune.py", "test\pyunit_test_nn_autotune.py.vcxproj", "{F9B475F4-3F06-4CE4-ADE3-2D6000531F4C}"
	ProjectSection(ProjectDependencies) = postProject
		{17B0F4CE-EA0C-434B-BE8A-7147B46F6B2D} = {17B0F4CE-EA0C-434B-BE8A-7147B46F6B2D}
		{28E2536E-9748-4835-B028-22740532E6F0} = {28E2536E-9748-4835-B028-22740532E6F0}
	EndProjectSection
EndProject
Project("{8BC9CEB8-8B4A-11D0-8D11-00A0C91BC942}") = "pyunit_test_nn_index.py", "test\pyunit_test_nn_index.py.vcxproj", "{FC6606AA-9323-4562-A4C0-68A31E4917D7}"
	ProjectSection(ProjectDependencies) = postProject
		{17B0F4CE-EA0C-434B-BE8A-7147B46F6B2D} = {17B0F4CE-EA0C-434B-BE8A-7147B46F6B2D}
		{28E2536E-9748-4835-B028-22740532E6F0} = {28E2536E-9748-4835-B028-22740532E6F0}
	EndProjectSection
EndProject
Project("{8BC9CEB8-8B4A-11D0-8D11-00A0C91BC942}") = "test", "test\test.vcxproj", "{7A8AEA2E-5FBE-4F0A-ACCD-A55F30E55969}"
	ProjectSection(ProjectDependencies) = postProject
		{17B0F4CE-EA0C-434B-BE8A-7147B46F6B2D} = {17B0F4CE-EA0C-434B-BE8A-7147B46F6B2D}
		{9736E358-BA26-4D80-930A-D89B5638166F} = {9736E358-BA26-4D80-930A-D89B5638166F}
		{E593294B-25BA-4870-B114-EB10D2F355A8} = {E593294B-25BA-4870-B114-EB10D2F355A8}
		{D772B56F-9CEC-4BA4-8E2D-E2F594837079} = {D772B56F-9CEC-4BA4-8E2D-E2F594837079}
		{2A3DCC48-C05C-48F6-9D93-2BFBA97E6F22} = {2A3DCC48-C05C-48F6-9D93-2BFBA97E6F22}
		{F9B475F4-3F06-4CE4-ADE3-2D6000531F4C} = {F9B475F4-3F06-4CE4-ADE3-2D6000531F4C}
		{FC6606AA-9323-4562-A4C0-68A31E4917D7} = {FC6606AA-9323-4562-A4C0-68A31E4917D7}
		{24C52291-ED68-464A-B9FD-D07A9ABFD89C} = {24C52291-ED68-464A-B9FD-D07A9ABFD89C}
	EndProjectSection
EndProject
Project("{8BC9CEB8-8B4A-11D0-8D11-00A0C91BC942}") = "tests", "test\tests.vcxproj", "{24C52291-ED68-464A-B9FD-D07A9ABFD89C}"
	ProjectSection(ProjectDependencies) = postProject
		{17B0F4CE-EA0C-434B-BE8A-7147B46F6B2D} = {17B0F4CE-EA0C-434B-BE8A-7147B46F6B2D}
		{CA103389-3CD8-4AD7-87DF-263C868E6030} = {CA103389-3CD8-4AD7-87DF-263C868E6030}
		{0DF0D198-EA58-4718-B53E-3316ECDB6696} = {0DF0D198-EA58-4718-B53E-3316ECDB6696}
		{6456B2BB-D68F-44D8-8598-FFA4AF2D7D0E} = {6456B2BB-D68F-44D8-8598-FFA4AF2D7D0E}
		{3BFD3D00-7E4E-49B3-97FA-45E20CB479FD} = {3BFD3D00-7E4E-49B3-97FA-45E20CB479FD}
		{FF338BA1-BC54-4654-A8EF-8E8F16B9D818} = {FF338BA1-BC54-4654-A8EF-8E8F16B9D818}
		{E22D0F16-FA9D-4BB8-9384-DCEA584047A3} = {E22D0F16-FA9D-4BB8-9384-DCEA584047A3}
		{87A1BD48-07FB-4848-B7B6-0F99AB2BFBA8} = {87A1BD48-07FB-4848-B7B6-0F99AB2BFBA8}
	EndProjectSection
EndProject
Project("{8BC9CEB8-8B4A-11D0-8D11-00A0C91BC942}") = "uninstall", "uninstall.vcxproj", "{08E1DA02-D619-41BC-9D3D-80F12E28B830}"
	ProjectSection(ProjectDependencies) = postProject
		{17B0F4CE-EA0C-434B-BE8A-7147B46F6B2D} = {17B0F4CE-EA0C-434B-BE8A-7147B46F6B2D}
	EndProjectSection
EndProject
Global
	GlobalSection(SolutionConfigurationPlatforms) = preSolution
		Debug|x64 = Debug|x64
		Release|x64 = Release|x64
		MinSizeRel|x64 = MinSizeRel|x64
		RelWithDebInfo|x64 = RelWithDebInfo|x64
	EndGlobalSection
	GlobalSection(ProjectConfigurationPlatforms) = postSolution
		{7ECF07D3-1543-46F1-94F1-D60FD6B49FB4}.Debug|x64.ActiveCfg = Debug|x64
		{7ECF07D3-1543-46F1-94F1-D60FD6B49FB4}.Debug|x64.Build.0 = Debug|x64
		{7ECF07D3-1543-46F1-94F1-D60FD6B49FB4}.Release|x64.ActiveCfg = Release|x64
		{7ECF07D3-1543-46F1-94F1-D60FD6B49FB4}.Release|x64.Build.0 = Release|x64
		{7ECF07D3-1543-46F1-94F1-D60FD6B49FB4}.MinSizeRel|x64.ActiveCfg = MinSizeRel|x64
		{7ECF07D3-1543-46F1-94F1-D60FD6B49FB4}.MinSizeRel|x64.Build.0 = MinSizeRel|x64
		{7ECF07D3-1543-46F1-94F1-D60FD6B49FB4}.RelWithDebInfo|x64.ActiveCfg = RelWithDebInfo|x64
		{7ECF07D3-1543-46F1-94F1-D60FD6B49FB4}.RelWithDebInfo|x64.Build.0 = RelWithDebInfo|x64
		{E82AB495-75E0-4C3A-9FCF-990DA4FC7CD3}.Debug|x64.ActiveCfg = Debug|x64
		{E82AB495-75E0-4C3A-9FCF-990DA4FC7CD3}.Release|x64.ActiveCfg = Release|x64
		{E82AB495-75E0-4C3A-9FCF-990DA4FC7CD3}.MinSizeRel|x64.ActiveCfg = MinSizeRel|x64
		{E82AB495-75E0-4C3A-9FCF-990DA4FC7CD3}.RelWithDebInfo|x64.ActiveCfg = RelWithDebInfo|x64
		{DB0514D1-08DC-42CA-A8C7-22E4FBD74A5F}.Debug|x64.ActiveCfg = Debug|x64
		{DB0514D1-08DC-42CA-A8C7-22E4FBD74A5F}.Release|x64.ActiveCfg = Release|x64
		{DB0514D1-08DC-42CA-A8C7-22E4FBD74A5F}.MinSizeRel|x64.ActiveCfg = MinSizeRel|x64
		{DB0514D1-08DC-42CA-A8C7-22E4FBD74A5F}.RelWithDebInfo|x64.ActiveCfg = RelWithDebInfo|x64
		{17B0F4CE-EA0C-434B-BE8A-7147B46F6B2D}.Debug|x64.ActiveCfg = Debug|x64
		{17B0F4CE-EA0C-434B-BE8A-7147B46F6B2D}.Debug|x64.Build.0 = Debug|x64
		{17B0F4CE-EA0C-434B-BE8A-7147B46F6B2D}.Release|x64.ActiveCfg = Release|x64
		{17B0F4CE-EA0C-434B-BE8A-7147B46F6B2D}.Release|x64.Build.0 = Release|x64
		{17B0F4CE-EA0C-434B-BE8A-7147B46F6B2D}.MinSizeRel|x64.ActiveCfg = MinSizeRel|x64
		{17B0F4CE-EA0C-434B-BE8A-7147B46F6B2D}.MinSizeRel|x64.Build.0 = MinSizeRel|x64
		{17B0F4CE-EA0C-434B-BE8A-7147B46F6B2D}.RelWithDebInfo|x64.ActiveCfg = RelWithDebInfo|x64
		{17B0F4CE-EA0C-434B-BE8A-7147B46F6B2D}.RelWithDebInfo|x64.Build.0 = RelWithDebInfo|x64
		{CA103389-3CD8-4AD7-87DF-263C868E6030}.Debug|x64.ActiveCfg = Debug|x64
		{CA103389-3CD8-4AD7-87DF-263C868E6030}.Debug|x64.Build.0 = Debug|x64
		{CA103389-3CD8-4AD7-87DF-263C868E6030}.Release|x64.ActiveCfg = Release|x64
		{CA103389-3CD8-4AD7-87DF-263C868E6030}.Release|x64.Build.0 = Release|x64
		{CA103389-3CD8-4AD7-87DF-263C868E6030}.MinSizeRel|x64.ActiveCfg = MinSizeRel|x64
		{CA103389-3CD8-4AD7-87DF-263C868E6030}.MinSizeRel|x64.Build.0 = MinSizeRel|x64
		{CA103389-3CD8-4AD7-87DF-263C868E6030}.RelWithDebInfo|x64.ActiveCfg = RelWithDebInfo|x64
		{CA103389-3CD8-4AD7-87DF-263C868E6030}.RelWithDebInfo|x64.Build.0 = RelWithDebInfo|x64
		{0DF0D198-EA58-4718-B53E-3316ECDB6696}.Debug|x64.ActiveCfg = Debug|x64
		{0DF0D198-EA58-4718-B53E-3316ECDB6696}.Debug|x64.Build.0 = Debug|x64
		{0DF0D198-EA58-4718-B53E-3316ECDB6696}.Release|x64.ActiveCfg = Release|x64
		{0DF0D198-EA58-4718-B53E-3316ECDB6696}.Release|x64.Build.0 = Release|x64
		{0DF0D198-EA58-4718-B53E-3316ECDB6696}.MinSizeRel|x64.ActiveCfg = MinSizeRel|x64
		{0DF0D198-EA58-4718-B53E-3316ECDB6696}.MinSizeRel|x64.Build.0 = MinSizeRel|x64
		{0DF0D198-EA58-4718-B53E-3316ECDB6696}.RelWithDebInfo|x64.ActiveCfg = RelWithDebInfo|x64
		{0DF0D198-EA58-4718-B53E-3316ECDB6696}.RelWithDebInfo|x64.Build.0 = RelWithDebInfo|x64
		{6456B2BB-D68F-44D8-8598-FFA4AF2D7D0E}.Debug|x64.ActiveCfg = Debug|x64
		{6456B2BB-D68F-44D8-8598-FFA4AF2D7D0E}.Debug|x64.Build.0 = Debug|x64
		{6456B2BB-D68F-44D8-8598-FFA4AF2D7D0E}.Release|x64.ActiveCfg = Release|x64
		{6456B2BB-D68F-44D8-8598-FFA4AF2D7D0E}.Release|x64.Build.0 = Release|x64
		{6456B2BB-D68F-44D8-8598-FFA4AF2D7D0E}.MinSizeRel|x64.ActiveCfg = MinSizeRel|x64
		{6456B2BB-D68F-44D8-8598-FFA4AF2D7D0E}.MinSizeRel|x64.Build.0 = MinSizeRel|x64
		{6456B2BB-D68F-44D8-8598-FFA4AF2D7D0E}.RelWithDebInfo|x64.ActiveCfg = RelWithDebInfo|x64
		{6456B2BB-D68F-44D8-8598-FFA4AF2D7D0E}.RelWithDebInfo|x64.Build.0 = RelWithDebInfo|x64
		{3BFD3D00-7E4E-49B3-97FA-45E20CB479FD}.Debug|x64.ActiveCfg = Debug|x64
		{3BFD3D00-7E4E-49B3-97FA-45E20CB479FD}.Debug|x64.Build.0 = Debug|x64
		{3BFD3D00-7E4E-49B3-97FA-45E20CB479FD}.Release|x64.ActiveCfg = Release|x64
		{3BFD3D00-7E4E-49B3-97FA-45E20CB479FD}.Release|x64.Build.0 = Release|x64
		{3BFD3D00-7E4E-49B3-97FA-45E20CB479FD}.MinSizeRel|x64.ActiveCfg = MinSizeRel|x64
		{3BFD3D00-7E4E-49B3-97FA-45E20CB479FD}.MinSizeRel|x64.Build.0 = MinSizeRel|x64
		{3BFD3D00-7E4E-49B3-97FA-45E20CB479FD}.RelWithDebInfo|x64.ActiveCfg = RelWithDebInfo|x64
		{3BFD3D00-7E4E-49B3-97FA-45E20CB479FD}.RelWithDebInfo|x64.Build.0 = RelWithDebInfo|x64
		{FF338BA1-BC54-4654-A8EF-8E8F16B9D818}.Debug|x64.ActiveCfg = Debug|x64
		{FF338BA1-BC54-4654-A8EF-8E8F16B9D818}.Debug|x64.Build.0 = Debug|x64
		{FF338BA1-BC54-4654-A8EF-8E8F16B9D818}.Release|x64.ActiveCfg = Release|x64
		{FF338BA1-BC54-4654-A8EF-8E8F16B9D818}.Release|x64.Build.0 = Release|x64
		{FF338BA1-BC54-4654-A8EF-8E8F16B9D818}.MinSizeRel|x64.ActiveCfg = MinSizeRel|x64
		{FF338BA1-BC54-4654-A8EF-8E8F16B9D818}.MinSizeRel|x64.Build.0 = MinSizeRel|x64
		{FF338BA1-BC54-4654-A8EF-8E8F16B9D818}.RelWithDebInfo|x64.ActiveCfg = RelWithDebInfo|x64
		{FF338BA1-BC54-4654-A8EF-8E8F16B9D818}.RelWithDebInfo|x64.Build.0 = RelWithDebInfo|x64
		{E22D0F16-FA9D-4BB8-9384-DCEA584047A3}.Debug|x64.ActiveCfg = Debug|x64
		{E22D0F16-FA9D-4BB8-9384-DCEA584047A3}.Debug|x64.Build.0 = Debug|x64
		{E22D0F16-FA9D-4BB8-9384-DCEA584047A3}.Release|x64.ActiveCfg = Release|x64
		{E22D0F16-FA9D-4BB8-9384-DCEA584047A3}.Release|x64.Build.0 = Release|x64
		{E22D0F16-FA9D-4BB8-9384-DCEA584047A3}.MinSizeRel|x64.ActiveCfg = MinSizeRel|x64
		{E22D0F16-FA9D-4BB8-9384-DCEA584047A3}.MinSizeRel|x64.Build.0 = MinSizeRel|x64
		{E22D0F16-FA9D-4BB8-9384-DCEA584047A3}.RelWithDebInfo|x64.ActiveCfg = RelWithDebInfo|x64
		{E22D0F16-FA9D-4BB8-9384-DCEA584047A3}.RelWithDebInfo|x64.Build.0 = RelWithDebInfo|x64
		{F2D05F65-E926-45EB-BBF5-22E61387CB08}.Debug|x64.ActiveCfg = Debug|x64
		{F2D05F65-E926-45EB-BBF5-22E61387CB08}.Debug|x64.Build.0 = Debug|x64
		{F2D05F65-E926-45EB-BBF5-22E61387CB08}.Release|x64.ActiveCfg = Release|x64
		{F2D05F65-E926-45EB-BBF5-22E61387CB08}.Release|x64.Build.0 = Release|x64
		{F2D05F65-E926-45EB-BBF5-22E61387CB08}.MinSizeRel|x64.ActiveCfg = MinSizeRel|x64
		{F2D05F65-E926-45EB-BBF5-22E61387CB08}.MinSizeRel|x64.Build.0 = MinSizeRel|x64
		{F2D05F65-E926-45EB-BBF5-22E61387CB08}.RelWithDebInfo|x64.ActiveCfg = RelWithDebInfo|x64
		{F2D05F65-E926-45EB-BBF5-22E61387CB08}.RelWithDebInfo|x64.Build.0 = RelWithDebInfo|x64
		{28E2536E-9748-4835-B028-22740532E6F0}.Debug|x64.ActiveCfg = Debug|x64
		{28E2536E-9748-4835-B028-22740532E6F0}.Debug|x64.Build.0 = Debug|x64
		{28E2536E-9748-4835-B028-22740532E6F0}.Release|x64.ActiveCfg = Release|x64
		{28E2536E-9748-4835-B028-22740532E6F0}.Release|x64.Build.0 = Release|x64
		{28E2536E-9748-4835-B028-22740532E6F0}.MinSizeRel|x64.ActiveCfg = MinSizeRel|x64
		{28E2536E-9748-4835-B028-22740532E6F0}.MinSizeRel|x64.Build.0 = MinSizeRel|x64
		{28E2536E-9748-4835-B028-22740532E6F0}.RelWithDebInfo|x64.ActiveCfg = RelWithDebInfo|x64
		{28E2536E-9748-4835-B028-22740532E6F0}.RelWithDebInfo|x64.Build.0 = RelWithDebInfo|x64
		{464F9F5A-1984-418B-8D74-2FC68E7A6DFE}.Debug|x64.ActiveCfg = Debug|x64
		{464F9F5A-1984-418B-8D74-2FC68E7A6DFE}.Debug|x64.Build.0 = Debug|x64
		{464F9F5A-1984-418B-8D74-2FC68E7A6DFE}.Release|x64.ActiveCfg = Release|x64
		{464F9F5A-1984-418B-8D74-2FC68E7A6DFE}.Release|x64.Build.0 = Release|x64
		{464F9F5A-1984-418B-8D74-2FC68E7A6DFE}.MinSizeRel|x64.ActiveCfg = MinSizeRel|x64
		{464F9F5A-1984-418B-8D74-2FC68E7A6DFE}.MinSizeRel|x64.Build.0 = MinSizeRel|x64
		{464F9F5A-1984-418B-8D74-2FC68E7A6DFE}.RelWithDebInfo|x64.ActiveCfg = RelWithDebInfo|x64
		{464F9F5A-1984-418B-8D74-2FC68E7A6DFE}.RelWithDebInfo|x64.Build.0 = RelWithDebInfo|x64
		{7BD52F7C-29CF-418A-B461-BBCE5ED59DD0}.Debug|x64.ActiveCfg = Debug|x64
		{7BD52F7C-29CF-418A-B461-BBCE5ED59DD0}.Debug|x64.Build.0 = Debug|x64
		{7BD52F7C-29CF-418A-B461-BBCE5ED59DD0}.Release|x64.ActiveCfg = Release|x64
		{7BD52F7C-29CF-418A-B461-BBCE5ED59DD0}.Release|x64.Build.0 = Release|x64
		{7BD52F7C-29CF-418A-B461-BBCE5ED59DD0}.MinSizeRel|x64.ActiveCfg = MinSizeRel|x64
		{7BD52F7C-29CF-418A-B461-BBCE5ED59DD0}.MinSizeRel|x64.Build.0 = MinSizeRel|x64
		{7BD52F7C-29CF-418A-B461-BBCE5ED59DD0}.RelWithDebInfo|x64.ActiveCfg = RelWithDebInfo|x64
		{7BD52F7C-29CF-418A-B461-BBCE5ED59DD0}.RelWithDebInfo|x64.Build.0 = RelWithDebInfo|x64
		{9E75D4D5-29FA-49EB-8FEB-64ACA60A76CB}.Debug|x64.ActiveCfg = Debug|x64
		{9E75D4D5-29FA-49EB-8FEB-64ACA60A76CB}.Debug|x64.Build.0 = Debug|x64
		{9E75D4D5-29FA-49EB-8FEB-64ACA60A76CB}.Release|x64.ActiveCfg = Release|x64
		{9E75D4D5-29FA-49EB-8FEB-64ACA60A76CB}.Release|x64.Build.0 = Release|x64
		{9E75D4D5-29FA-49EB-8FEB-64ACA60A76CB}.MinSizeRel|x64.ActiveCfg = MinSizeRel|x64
		{9E75D4D5-29FA-49EB-8FEB-64ACA60A76CB}.MinSizeRel|x64.Build.0 = MinSizeRel|x64
		{9E75D4D5-29FA-49EB-8FEB-64ACA60A76CB}.RelWithDebInfo|x64.ActiveCfg = RelWithDebInfo|x64
		{9E75D4D5-29FA-49EB-8FEB-64ACA60A76CB}.RelWithDebInfo|x64.Build.0 = RelWithDebInfo|x64
		{187F55ED-0481-4C47-8BC0-F8C7C696AD35}.Debug|x64.ActiveCfg = Debug|x64
		{187F55ED-0481-4C47-8BC0-F8C7C696AD35}.Debug|x64.Build.0 = Debug|x64
		{187F55ED-0481-4C47-8BC0-F8C7C696AD35}.Release|x64.ActiveCfg = Release|x64
		{187F55ED-0481-4C47-8BC0-F8C7C696AD35}.Release|x64.Build.0 = Release|x64
		{187F55ED-0481-4C47-8BC0-F8C7C696AD35}.MinSizeRel|x64.ActiveCfg = MinSizeRel|x64
		{187F55ED-0481-4C47-8BC0-F8C7C696AD35}.MinSizeRel|x64.Build.0 = MinSizeRel|x64
		{187F55ED-0481-4C47-8BC0-F8C7C696AD35}.RelWithDebInfo|x64.ActiveCfg = RelWithDebInfo|x64
		{187F55ED-0481-4C47-8BC0-F8C7C696AD35}.RelWithDebInfo|x64.Build.0 = RelWithDebInfo|x64
		{D8102259-D028-46CD-B8B1-A57A5C9212AF}.Debug|x64.ActiveCfg = Debug|x64
		{D8102259-D028-46CD-B8B1-A57A5C9212AF}.Debug|x64.Build.0 = Debug|x64
		{D8102259-D028-46CD-B8B1-A57A5C9212AF}.Release|x64.ActiveCfg = Release|x64
		{D8102259-D028-46CD-B8B1-A57A5C9212AF}.Release|x64.Build.0 = Release|x64
		{D8102259-D028-46CD-B8B1-A57A5C9212AF}.MinSizeRel|x64.ActiveCfg = MinSizeRel|x64
		{D8102259-D028-46CD-B8B1-A57A5C9212AF}.MinSizeRel|x64.Build.0 = MinSizeRel|x64
		{D8102259-D028-46CD-B8B1-A57A5C9212AF}.RelWithDebInfo|x64.ActiveCfg = RelWithDebInfo|x64
		{D8102259-D028-46CD-B8B1-A57A5C9212AF}.RelWithDebInfo|x64.Build.0 = RelWithDebInfo|x64
		{8B163553-4518-4DB8-ACF1-689E5D2D68D0}.Debug|x64.ActiveCfg = Debug|x64
		{8B163553-4518-4DB8-ACF1-689E5D2D68D0}.Debug|x64.Build.0 = Debug|x64
		{8B163553-4518-4DB8-ACF1-689E5D2D68D0}.Release|x64.ActiveCfg = Release|x64
		{8B163553-4518-4DB8-ACF1-689E5D2D68D0}.Release|x64.Build.0 = Release|x64
		{8B163553-4518-4DB8-ACF1-689E5D2D68D0}.MinSizeRel|x64.ActiveCfg = MinSizeRel|x64
		{8B163553-4518-4DB8-ACF1-689E5D2D68D0}.MinSizeRel|x64.Build.0 = MinSizeRel|x64
		{8B163553-4518-4DB8-ACF1-689E5D2D68D0}.RelWithDebInfo|x64.ActiveCfg = RelWithDebInfo|x64
		{8B163553-4518-4DB8-ACF1-689E5D2D68D0}.RelWithDebInfo|x64.Build.0 = RelWithDebInfo|x64
		{9736E358-BA26-4D80-930A-D89B5638166F}.Debug|x64.ActiveCfg = Debug|x64
		{9736E358-BA26-4D80-930A-D89B5638166F}.Debug|x64.Build.0 = Debug|x64
		{9736E358-BA26-4D80-930A-D89B5638166F}.Release|x64.ActiveCfg = Release|x64
		{9736E358-BA26-4D80-930A-D89B5638166F}.Release|x64.Build.0 = Release|x64
		{9736E358-BA26-4D80-930A-D89B5638166F}.MinSizeRel|x64.ActiveCfg = MinSizeRel|x64
		{9736E358-BA26-4D80-930A-D89B5638166F}.MinSizeRel|x64.Build.0 = MinSizeRel|x64
		{9736E358-BA26-4D80-930A-D89B5638166F}.RelWithDebInfo|x64.ActiveCfg = RelWithDebInfo|x64
		{9736E358-BA26-4D80-930A-D89B5638166F}.RelWithDebInfo|x64.Build.0 = RelWithDebInfo|x64
		{87A1BD48-07FB-4848-B7B6-0F99AB2BFBA8}.Debug|x64.ActiveCfg = Debug|x64
		{87A1BD48-07FB-4848-B7B6-0F99AB2BFBA8}.Debug|x64.Build.0 = Debug|x64
		{87A1BD48-07FB-4848-B7B6-0F99AB2BFBA8}.Release|x64.ActiveCfg = Release|x64
		{87A1BD48-07FB-4848-B7B6-0F99AB2BFBA8}.Release|x64.Build.0 = Release|x64
		{87A1BD48-07FB-4848-B7B6-0F99AB2BFBA8}.MinSizeRel|x64.ActiveCfg = MinSizeRel|x64
		{87A1BD48-07FB-4848-B7B6-0F99AB2BFBA8}.MinSizeRel|x64.Build.0 = MinSizeRel|x64
		{87A1BD48-07FB-4848-B7B6-0F99AB2BFBA8}.RelWithDebInfo|x64.ActiveCfg = RelWithDebInfo|x64
		{87A1BD48-07FB-4848-B7B6-0F99AB2BFBA8}.RelWithDebInfo|x64.Build.0 = RelWithDebInfo|x64
		{083D839A-65AB-4C05-86E3-E39AB397AB17}.Debug|x64.ActiveCfg = Debug|x64
		{083D839A-65AB-4C05-86E3-E39AB397AB17}.Debug|x64.Build.0 = Debug|x64
		{083D839A-65AB-4C05-86E3-E39AB397AB17}.Release|x64.ActiveCfg = Release|x64
		{083D839A-65AB-4C05-86E3-E39AB397AB17}.Release|x64.Build.0 = Release|x64
		{083D839A-65AB-4C05-86E3-E39AB397AB17}.MinSizeRel|x64.ActiveCfg = MinSizeRel|x64
		{083D839A-65AB-4C05-86E3-E39AB397AB17}.MinSizeRel|x64.Build.0 = MinSizeRel|x64
		{083D839A-65AB-4C05-86E3-E39AB397AB17}.RelWithDebInfo|x64.ActiveCfg = RelWithDebInfo|x64
		{083D839A-65AB-4C05-86E3-E39AB397AB17}.RelWithDebInfo|x64.Build.0 = RelWithDebInfo|x64
		{E593294B-25BA-4870-B114-EB10D2F355A8}.Debug|x64.ActiveCfg = Debug|x64
		{E593294B-25BA-4870-B114-EB10D2F355A8}.Debug|x64.Build.0 = Debug|x64
		{E593294B-25BA-4870-B114-EB10D2F355A8}.Release|x64.ActiveCfg = Release|x64
		{E593294B-25BA-4870-B114-EB10D2F355A8}.Release|x64.Build.0 = Release|x64
		{E593294B-25BA-4870-B114-EB10D2F355A8}.MinSizeRel|x64.ActiveCfg = MinSizeRel|x64
		{E593294B-25BA-4870-B114-EB10D2F355A8}.MinSizeRel|x64.Build.0 = MinSizeRel|x64
		{E593294B-25BA-4870-B114-EB10D2F355A8}.RelWithDebInfo|x64.ActiveCfg = RelWithDebInfo|x64
		{E593294B-25BA-4870-B114-EB10D2F355A8}.RelWithDebInfo|x64.Build.0 = RelWithDebInfo|x64
		{D772B56F-9CEC-4BA4-8E2D-E2F594837079}.Debug|x64.ActiveCfg = Debug|x64
		{D772B56F-9CEC-4BA4-8E2D-E2F594837079}.Debug|x64.Build.0 = Debug|x64
		{D772B56F-9CEC-4BA4-8E2D-E2F594837079}.Release|x64.ActiveCfg = Release|x64
		{D772B56F-9CEC-4BA4-8E2D-E2F594837079}.Release|x64.Build.0 = Release|x64
		{D772B56F-9CEC-4BA4-8E2D-E2F594837079}.MinSizeRel|x64.ActiveCfg = MinSizeRel|x64
		{D772B56F-9CEC-4BA4-8E2D-E2F594837079}.MinSizeRel|x64.Build.0 = MinSizeRel|x64
		{D772B56F-9CEC-4BA4-8E2D-E2F594837079}.RelWithDebInfo|x64.ActiveCfg = RelWithDebInfo|x64
		{D772B56F-9CEC-4BA4-8E2D-E2F594837079}.RelWithDebInfo|x64.Build.0 = RelWithDebInfo|x64
		{2A3DCC48-C05C-48F6-9D93-2BFBA97E6F22}.Debug|x64.ActiveCfg = Debug|x64
		{2A3DCC48-C05C-48F6-9D93-2BFBA97E6F22}.Debug|x64.Build.0 = Debug|x64
		{2A3DCC48-C05C-48F6-9D93-2BFBA97E6F22}.Release|x64.ActiveCfg = Release|x64
		{2A3DCC48-C05C-48F6-9D93-2BFBA97E6F22}.Release|x64.Build.0 = Release|x64
		{2A3DCC48-C05C-48F6-9D93-2BFBA97E6F22}.MinSizeRel|x64.ActiveCfg = MinSizeRel|x64
		{2A3DCC48-C05C-48F6-9D93-2BFBA97E6F22}.MinSizeRel|x64.Build.0 = MinSizeRel|x64
		{2A3DCC48-C05C-48F6-9D93-2BFBA97E6F22}.RelWithDebInfo|x64.ActiveCfg = RelWithDebInfo|x64
		{2A3DCC48-C05C-48F6-9D93-2BFBA97E6F22}.RelWithDebInfo|x64.Build.0 = RelWithDebInfo|x64
		{F9B475F4-3F06-4CE4-ADE3-2D6000531F4C}.Debug|x64.ActiveCfg = Debug|x64
		{F9B475F4-3F06-4CE4-ADE3-2D6000531F4C}.Debug|x64.Build.0 = Debug|x64
		{F9B475F4-3F06-4CE4-ADE3-2D6000531F4C}.Release|x64.ActiveCfg = Release|x64
		{F9B475F4-3F06-4CE4-ADE3-2D6000531F4C}.Release|x64.Build.0 = Release|x64
		{F9B475F4-3F06-4CE4-ADE3-2D6000531F4C}.MinSizeRel|x64.ActiveCfg = MinSizeRel|x64
		{F9B475F4-3F06-4CE4-ADE3-2D6000531F4C}.MinSizeRel|x64.Build.0 = MinSizeRel|x64
		{F9B475F4-3F06-4CE4-ADE3-2D6000531F4C}.RelWithDebInfo|x64.ActiveCfg = RelWithDebInfo|x64
		{F9B475F4-3F06-4CE4-ADE3-2D6000531F4C}.RelWithDebInfo|x64.Build.0 = RelWithDebInfo|x64
		{FC6606AA-9323-4562-A4C0-68A31E4917D7}.Debug|x64.ActiveCfg = Debug|x64
		{FC6606AA-9323-4562-A4C0-68A31E4917D7}.Debug|x64.Build.0 = Debug|x64
		{FC6606AA-9323-4562-A4C0-68A31E4917D7}.Release|x64.ActiveCfg = Release|x64
		{FC6606AA-9323-4562-A4C0-68A31E4917D7}.Release|x64.Build.0 = Release|x64
		{FC6606AA-9323-4562-A4C0-68A31E4917D7}.MinSizeRel|x64.ActiveCfg = MinSizeRel|x64
		{FC6606AA-9323-4562-A4C0-68A31E4917D7}.MinSizeRel|x64.Build.0 = MinSizeRel|x64
		{FC6606AA-9323-4562-A4C0-68A31E4917D7}.RelWithDebInfo|x64.ActiveCfg = RelWithDebInfo|x64
		{FC6606AA-9323-4562-A4C0-68A31E4917D7}.RelWithDebInfo|x64.Build.0 = RelWithDebInfo|x64
		{7A8AEA2E-5FBE-4F0A-ACCD-A55F30E55969}.Debug|x64.ActiveCfg = Debug|x64
		{7A8AEA2E-5FBE-4F0A-ACCD-A55F30E55969}.Release|x64.ActiveCfg = Release|x64
		{7A8AEA2E-5FBE-4F0A-ACCD-A55F30E55969}.MinSizeRel|x64.ActiveCfg = MinSizeRel|x64
		{7A8AEA2E-5FBE-4F0A-ACCD-A55F30E55969}.RelWithDebInfo|x64.ActiveCfg = RelWithDebInfo|x64
		{24C52291-ED68-464A-B9FD-D07A9ABFD89C}.Debug|x64.ActiveCfg = Debug|x64
		{24C52291-ED68-464A-B9FD-D07A9ABFD89C}.Debug|x64.Build.0 = Debug|x64
		{24C52291-ED68-464A-B9FD-D07A9ABFD89C}.Release|x64.ActiveCfg = Release|x64
		{24C52291-ED68-464A-B9FD-D07A9ABFD89C}.Release|x64.Build.0 = Release|x64
		{24C52291-ED68-464A-B9FD-D07A9ABFD89C}.MinSizeRel|x64.ActiveCfg = MinSizeRel|x64
		{24C52291-ED68-464A-B9FD-D07A9ABFD89C}.MinSizeRel|x64.Build.0 = MinSizeRel|x64
		{24C52291-ED68-464A-B9FD-D07A9ABFD89C}.RelWithDebInfo|x64.ActiveCfg = RelWithDebInfo|x64
		{24C52291-ED68-464A-B9FD-D07A9ABFD89C}.RelWithDebInfo|x64.Build.0 = RelWithDebInfo|x64
		{08E1DA02-D619-41BC-9D3D-80F12E28B830}.Debug|x64.ActiveCfg = Debug|x64
		{08E1DA02-D619-41BC-9D3D-80F12E28B830}.Release|x64.ActiveCfg = Release|x64
		{08E1DA02-D619-41BC-9D3D-80F12E28B830}.MinSizeRel|x64.ActiveCfg = MinSizeRel|x64
		{08E1DA02-D619-41BC-9D3D-80F12E28B830}.RelWithDebInfo|x64.ActiveCfg = RelWithDebInfo|x64
	EndGlobalSection
	GlobalSection(ExtensibilityGlobals) = postSolution
	EndGlobalSection
	GlobalSection(ExtensibilityAddIns) = postSolution
	EndGlobalSection
EndGlobal
