<?xml version="1.0" encoding="UTF-8"?>
<Project ToolsVersion="12.0" xmlns="http://schemas.microsoft.com/developer/msbuild/2003">
  <ItemGroup>
    <CustomBuild Include="C:\Users\dkvandyke\Source\Repos\10_FLANN\build_cuda\CMakeFiles\5e7c65c543d4c7d64766f68a2ba10bcb\INSTALL_force.rule">
      <Filter>CMake Rules</Filter>
    </CustomBuild>
  </ItemGroup>
  <ItemGroup>
    <Filter Include="CMake Rules">
      <UniqueIdentifier>{66E7C55A-5CA3-4E57-9279-2F30EA9AF019}</UniqueIdentifier>
    </Filter>
  </ItemGroup>
</Project>
